
Microsoft Visual Studio Solution File, Format Version 12.00
# Visual Studio Version 17
VisualStudioVersion = 17.4.33213.308
MinimumVisualStudioVersion = 10.0.40219.1
Project("{FAE04EC0-301F-11D3-BF4B-00C04F79EFBC}") = "EDDLab03", "EDDLab03\EDDLab03.csproj", "{171E55D4-C069-468D-B69D-9212B82DE998}"
EndProject
Global
	GlobalSection(SolutionConfigurationPlatforms) = preSolution
		Debug|Any CPU = Debug|Any CPU
		Release|Any CPU = Release|Any CPU
	EndGlobalSection
	GlobalSection(ProjectConfigurationPlatforms) = postSolution
		{171E55D4-C069-468D-B69D-9212B82DE998}.Debug|Any CPU.ActiveCfg = Debug|Any CPU
		{171E55D4-C069-468D-B69D-9212B82DE998}.Debug|Any CPU.Build.0 = Debug|Any CPU
		{171E55D4-C069-468D-B69D-9212B82DE998}.Release|Any CPU.ActiveCfg = Release|Any CPU
		{171E55D4-C069-468D-B69D-9212B82DE998}.Release|Any CPU.Build.0 = Release|Any CPU
	EndGlobalSection
	GlobalSection(SolutionProperties) = preSolution
		HideSolutionNode = FALSE
	EndGlobalSection
	GlobalSection(ExtensibilityGlobals) = postSolution
		SolutionGuid = {C9A923F2-ED8B-4FCF-9503-FBA0632D6ADD}
	EndGlobalSection
EndGlobal
